
Microsoft Visual Studio Solution File, Format Version 12.00
# Visual Studio Version 17
VisualStudioVersion = 17.11.35208.52
MinimumVisualStudioVersion = 10.0.40219.1
Project("{9A19103F-16F7-4668-BE54-9A1E7A4F7556}") = "Elite.Vehicle.Platform", "Elite.Vehicle.Platform\Elite.Vehicle.Platform.csproj", "{26868824-9F09-4B2E-88B5-B985020D4F81}"
EndProject
Project("{2150E333-8FDC-42A3-9474-1A3956D46DE8}") = "Foundation", "Foundation", "{AA0C0B64-537C-40EF-8271-36E00292672B}"
EndProject
Project("{9A19103F-16F7-4668-BE54-9A1E7A4F7556}") = "Elite.Core", "..\Weaponry\Foundation\Elite.Core\Elite.Core.csproj", "{7D428D83-360E-4CF0-A915-BD4A30655D84}"
EndProject
Project("{9A19103F-16F7-4668-BE54-9A1E7A4F7556}") = "Elite.Serve", "..\Weaponry\Foundation\Elite.Serve\Elite.Serve.csproj", "{561D33B5-FA85-4930-BC48-C1424DE729FC}"
EndProject
Project("{9A19103F-16F7-4668-BE54-9A1E7A4F7556}") = "Elite.Domain.Emulator", "..\Weaponry\Component\Elite.Domain.Emulator\Elite.Domain.Emulator.csproj", "{F1DAE783-ABE1-48A0-9077-57DA84CBF728}"
EndProject
Global
	GlobalSection(SolutionConfigurationPlatforms) = preSolution
		Debug|Any CPU = Debug|Any CPU
		Release|Any CPU = Release|Any CPU
	EndGlobalSection
	GlobalSection(ProjectConfigurationPlatforms) = postSolution
		{26868824-9F09-4B2E-88B5-B985020D4F81}.Debug|Any CPU.ActiveCfg = Debug|Any CPU
		{26868824-9F09-4B2E-88B5-B985020D4F81}.Debug|Any CPU.Build.0 = Debug|Any CPU
		{26868824-9F09-4B2E-88B5-B985020D4F81}.Release|Any CPU.ActiveCfg = Release|Any CPU
		{26868824-9F09-4B2E-88B5-B985020D4F81}.Release|Any CPU.Build.0 = Release|Any CPU
		{7D428D83-360E-4CF0-A915-BD4A30655D84}.Debug|Any CPU.ActiveCfg = Debug|Any CPU
		{7D428D83-360E-4CF0-A915-BD4A30655D84}.Debug|Any CPU.Build.0 = Debug|Any CPU
		{7D428D83-360E-4CF0-A915-BD4A30655D84}.Release|Any CPU.ActiveCfg = Release|Any CPU
		{7D428D83-360E-4CF0-A915-BD4A30655D84}.Release|Any CPU.Build.0 = Release|Any CPU
		{561D33B5-FA85-4930-BC48-C1424DE729FC}.Debug|Any CPU.ActiveCfg = Debug|Any CPU
		{561D33B5-FA85-4930-BC48-C1424DE729FC}.Debug|Any CPU.Build.0 = Debug|Any CPU
		{561D33B5-FA85-4930-BC48-C1424DE729FC}.Release|Any CPU.ActiveCfg = Release|Any CPU
		{561D33B5-FA85-4930-BC48-C1424DE729FC}.Release|Any CPU.Build.0 = Release|Any CPU
		{F1DAE783-ABE1-48A0-9077-57DA84CBF728}.Debug|Any CPU.ActiveCfg = Debug|Any CPU
		{F1DAE783-ABE1-48A0-9077-57DA84CBF728}.Debug|Any CPU.Build.0 = Debug|Any CPU
		{F1DAE783-ABE1-48A0-9077-57DA84CBF728}.Release|Any CPU.ActiveCfg = Release|Any CPU
		{F1DAE783-ABE1-48A0-9077-57DA84CBF728}.Release|Any CPU.Build.0 = Release|Any CPU
	EndGlobalSection
	GlobalSection(SolutionProperties) = preSolution
		HideSolutionNode = FALSE
	EndGlobalSection
	GlobalSection(NestedProjects) = preSolution
		{7D428D83-360E-4CF0-A915-BD4A30655D84} = {AA0C0B64-537C-40EF-8271-36E00292672B}
		{561D33B5-FA85-4930-BC48-C1424DE729FC} = {AA0C0B64-537C-40EF-8271-36E00292672B}
	EndGlobalSection
	GlobalSection(ExtensibilityGlobals) = postSolution
		SolutionGuid = {9C5BF3E3-9ADF-4E06-86C3-D16D7BC8A9B1}
	EndGlobalSection
EndGlobal
